
Microsoft Visual Studio Solution File, Format Version 12.00
# Visual Studio Version 16
VisualStudioVersion = 16.0.31624.102
MinimumVisualStudioVersion = 10.0.40219.1
Project("{FAE04EC0-301F-11D3-BF4B-00C04F79EFBC}") = "MyAppWithDB", "MyAppWithDB.csproj", "{5652B221-2139-417D-9FF3-4842A6DA3190}"
EndProject
Project("{FAE04EC0-301F-11D3-BF4B-00C04F79EFBC}") = "MyApp.db", "..\MyApp.db\MyApp.db.csproj", "{67832B95-A1A2-4211-BC5A-857707E3B83A}"
EndProject
Project("{FAE04EC0-301F-11D3-BF4B-00C04F79EFBC}") = "MyApp.Models", "..\MyApp.Models\MyApp.Models.csproj", "{587BD18F-556D-42AB-8DC2-0883790C72FE}"
EndProject
Global
	GlobalSection(SolutionConfigurationPlatforms) = preSolution
		Debug|Any CPU = Debug|Any CPU
		Release|Any CPU = Release|Any CPU
	EndGlobalSection
	GlobalSection(ProjectConfigurationPlatforms) = postSolution
		{5652B221-2139-417D-9FF3-4842A6DA3190}.Debug|Any CPU.ActiveCfg = Debug|Any CPU
		{5652B221-2139-417D-9FF3-4842A6DA3190}.Debug|Any CPU.Build.0 = Debug|Any CPU
		{5652B221-2139-417D-9FF3-4842A6DA3190}.Release|Any CPU.ActiveCfg = Release|Any CPU
		{5652B221-2139-417D-9FF3-4842A6DA3190}.Release|Any CPU.Build.0 = Release|Any CPU
		{67832B95-A1A2-4211-BC5A-857707E3B83A}.Debug|Any CPU.ActiveCfg = Debug|Any CPU
		{67832B95-A1A2-4211-BC5A-857707E3B83A}.Debug|Any CPU.Build.0 = Debug|Any CPU
		{67832B95-A1A2-4211-BC5A-857707E3B83A}.Release|Any CPU.ActiveCfg = Release|Any CPU
		{67832B95-A1A2-4211-BC5A-857707E3B83A}.Release|Any CPU.Build.0 = Release|Any CPU
		{587BD18F-556D-42AB-8DC2-0883790C72FE}.Debug|Any CPU.ActiveCfg = Debug|Any CPU
		{587BD18F-556D-42AB-8DC2-0883790C72FE}.Debug|Any CPU.Build.0 = Debug|Any CPU
		{587BD18F-556D-42AB-8DC2-0883790C72FE}.Release|Any CPU.ActiveCfg = Release|Any CPU
		{587BD18F-556D-42AB-8DC2-0883790C72FE}.Release|Any CPU.Build.0 = Release|Any CPU
	EndGlobalSection
	GlobalSection(SolutionProperties) = preSolution
		HideSolutionNode = FALSE
	EndGlobalSection
	GlobalSection(ExtensibilityGlobals) = postSolution
		SolutionGuid = {A061D45F-894D-496E-ABFD-B58A3501344A}
	EndGlobalSection
EndGlobal
